
Microsoft Visual Studio Solution File, Format Version 12.00
# Visual Studio Version 16
VisualStudioVersion = 16.0.32228.343
MinimumVisualStudioVersion = 10.0.40219.1
Project("{FAE04EC0-301F-11D3-BF4B-00C04F79EFBC}") = "NumericCalculator", "NumericCalculator\NumericCalculator.csproj", "{42B5D14F-E289-418A-A5FB-C94767A5CD42}"
EndProject
Global
	GlobalSection(SolutionConfigurationPlatforms) = preSolution
		Debug|Any CPU = Debug|Any CPU
		Release|Any CPU = Release|Any CPU
	EndGlobalSection
	GlobalSection(ProjectConfigurationPlatforms) = postSolution
		{42B5D14F-E289-418A-A5FB-C94767A5CD42}.Debug|Any CPU.ActiveCfg = Debug|Any CPU
		{42B5D14F-E289-418A-A5FB-C94767A5CD42}.Debug|Any CPU.Build.0 = Debug|Any CPU
		{42B5D14F-E289-418A-A5FB-C94767A5CD42}.Release|Any CPU.ActiveCfg = Release|Any CPU
		{42B5D14F-E289-418A-A5FB-C94767A5CD42}.Release|Any CPU.Build.0 = Release|Any CPU
	EndGlobalSection
	GlobalSection(SolutionProperties) = preSolution
		HideSolutionNode = FALSE
	EndGlobalSection
	GlobalSection(ExtensibilityGlobals) = postSolution
		SolutionGuid = {7CEBC20A-7A92-4DC3-B545-9CD191CD7AF6}
	EndGlobalSection
EndGlobal
